
Microsoft Visual Studio Solution File, Format Version 12.00
Project("{FAE04EC0-301F-11D3-BF4B-00C04F79EFBC}") = "Core", "Core\Core.csproj", "{2622FBA2-FE2F-477B-9983-AC48F7DA52CF}"
EndProject
Project("{FAE04EC0-301F-11D3-BF4B-00C04F79EFBC}") = "Networking", "Networking\Networking.csproj", "{627EFAA6-33B9-4B73-BB9F-66A53FDAA0AA}"
EndProject
Project("{FAE04EC0-301F-11D3-BF4B-00C04F79EFBC}") = "Sandbox", "Sandbox\Sandbox.csproj", "{53F9FA20-77F4-4FAA-8A6E-A08000DBFD33}"
EndProject
Project("{FAE04EC0-301F-11D3-BF4B-00C04F79EFBC}") = "Core.Tests", "Core.Tests\Core.Tests.csproj", "{DACB5EE0-2CBD-49F3-88F0-42D3BD822438}"
EndProject
Project("{FAE04EC0-301F-11D3-BF4B-00C04F79EFBC}") = "Math", "Math\Math.csproj", "{91914B8D-F4BF-422A-BA6A-67AF86019812}"
EndProject
Global
	GlobalSection(SolutionConfigurationPlatforms) = preSolution
		Debug|Any CPU = Debug|Any CPU
		Release|Any CPU = Release|Any CPU
		Production|Any CPU = Production|Any CPU
	EndGlobalSection
	GlobalSection(ProjectConfigurationPlatforms) = postSolution
		{2622FBA2-FE2F-477B-9983-AC48F7DA52CF}.Debug|Any CPU.ActiveCfg = Debug|Any CPU
		{2622FBA2-FE2F-477B-9983-AC48F7DA52CF}.Debug|Any CPU.Build.0 = Debug|Any CPU
		{2622FBA2-FE2F-477B-9983-AC48F7DA52CF}.Release|Any CPU.ActiveCfg = Release|Any CPU
		{2622FBA2-FE2F-477B-9983-AC48F7DA52CF}.Release|Any CPU.Build.0 = Release|Any CPU
		{2622FBA2-FE2F-477B-9983-AC48F7DA52CF}.Production|Any CPU.ActiveCfg = Production|Any CPU
		{2622FBA2-FE2F-477B-9983-AC48F7DA52CF}.Production|Any CPU.Build.0 = Production|Any CPU
		{627EFAA6-33B9-4B73-BB9F-66A53FDAA0AA}.Debug|Any CPU.ActiveCfg = Debug|Any CPU
		{627EFAA6-33B9-4B73-BB9F-66A53FDAA0AA}.Debug|Any CPU.Build.0 = Debug|Any CPU
		{627EFAA6-33B9-4B73-BB9F-66A53FDAA0AA}.Release|Any CPU.ActiveCfg = Release|Any CPU
		{627EFAA6-33B9-4B73-BB9F-66A53FDAA0AA}.Release|Any CPU.Build.0 = Release|Any CPU
		{627EFAA6-33B9-4B73-BB9F-66A53FDAA0AA}.Production|Any CPU.ActiveCfg = Production|Any CPU
		{627EFAA6-33B9-4B73-BB9F-66A53FDAA0AA}.Production|Any CPU.Build.0 = Production|Any CPU
		{53F9FA20-77F4-4FAA-8A6E-A08000DBFD33}.Debug|Any CPU.ActiveCfg = Debug|Any CPU
		{53F9FA20-77F4-4FAA-8A6E-A08000DBFD33}.Debug|Any CPU.Build.0 = Debug|Any CPU
		{53F9FA20-77F4-4FAA-8A6E-A08000DBFD33}.Release|Any CPU.ActiveCfg = Release|Any CPU
		{53F9FA20-77F4-4FAA-8A6E-A08000DBFD33}.Release|Any CPU.Build.0 = Release|Any CPU
		{53F9FA20-77F4-4FAA-8A6E-A08000DBFD33}.Production|Any CPU.ActiveCfg = Production|Any CPU
		{53F9FA20-77F4-4FAA-8A6E-A08000DBFD33}.Production|Any CPU.Build.0 = Production|Any CPU
		{DACB5EE0-2CBD-49F3-88F0-42D3BD822438}.Debug|Any CPU.ActiveCfg = Debug|Any CPU
		{DACB5EE0-2CBD-49F3-88F0-42D3BD822438}.Debug|Any CPU.Build.0 = Debug|Any CPU
		{DACB5EE0-2CBD-49F3-88F0-42D3BD822438}.Release|Any CPU.ActiveCfg = Release|Any CPU
		{DACB5EE0-2CBD-49F3-88F0-42D3BD822438}.Release|Any CPU.Build.0 = Release|Any CPU
		{DACB5EE0-2CBD-49F3-88F0-42D3BD822438}.Production|Any CPU.ActiveCfg = Debug|Any CPU
		{DACB5EE0-2CBD-49F3-88F0-42D3BD822438}.Production|Any CPU.Build.0 = Debug|Any CPU
		{91914B8D-F4BF-422A-BA6A-67AF86019812}.Debug|Any CPU.ActiveCfg = Debug|Any CPU
		{91914B8D-F4BF-422A-BA6A-67AF86019812}.Debug|Any CPU.Build.0 = Debug|Any CPU
		{91914B8D-F4BF-422A-BA6A-67AF86019812}.Release|Any CPU.ActiveCfg = Release|Any CPU
		{91914B8D-F4BF-422A-BA6A-67AF86019812}.Release|Any CPU.Build.0 = Release|Any CPU
		{91914B8D-F4BF-422A-BA6A-67AF86019812}.Production|Any CPU.ActiveCfg = Debug|Any CPU
		{91914B8D-F4BF-422A-BA6A-67AF86019812}.Production|Any CPU.Build.0 = Debug|Any CPU
	EndGlobalSection
EndGlobal
